{
  "pins" : [
    {
      "identity" : "swiftloader",
      "kind" : "remoteSourceControl",
      "location" : "https://github.com/leoru/SwiftLoader",
      "state" : {
        "revision" : "3d03ac07764075bfab4c9ce9d5ba4556d6af350e",
        "version" : "1.1.0"
      }
    }
  ],
  "version" : 2
}
