PODS:
  - Flutter (1.0.0)
  - flutter_icmp_ping (0.0.1):
    - Flutter
  - flutter_inappwebview (0.0.1):
    - Flutter
    - flutter_inappwebview/Core (= 0.0.1)
    - OrderedSet (~> 5.0)
  - flutter_inappwebview/Core (0.0.1):
    - Flutter
    - OrderedSet (~> 5.0)
  - fluttertoast (0.0.2):
    - Flutter
    - Toast
  - libphonenumber_plugin (0.0.1):
    - Flutter
    - PhoneNumberKit
  - OrderedSet (5.0.0)
  - path_provider_ios (0.0.1):
    - Flutter
  - PhoneNumberKit (3.7.11):
    - PhoneNumberKit/PhoneNumberKitCore (= 3.7.11)
    - PhoneNumberKit/UIKit (= 3.7.11)
  - PhoneNumberKit/PhoneNumberKitCore (3.7.11)
  - PhoneNumberKit/UIKit (3.7.11):
    - PhoneNumberKit/PhoneNumberKitCore
  - shared_preferences_ios (0.0.1):
    - Flutter
  - Toast (4.0.0)
  - url_launcher_ios (0.0.1):
    - Flutter
  - webview_flutter_wkwebview (0.0.1):
    - Flutter

DEPENDENCIES:
  - Flutter (from `Flutter`)
  - flutter_icmp_ping (from `.symlinks/plugins/flutter_icmp_ping/ios`)
  - flutter_inappwebview (from `.symlinks/plugins/flutter_inappwebview/ios`)
  - fluttertoast (from `.symlinks/plugins/fluttertoast/ios`)
  - libphonenumber_plugin (from `.symlinks/plugins/libphonenumber_plugin/ios`)
  - path_provider_ios (from `.symlinks/plugins/path_provider_ios/ios`)
  - shared_preferences_ios (from `.symlinks/plugins/shared_preferences_ios/ios`)
  - url_launcher_ios (from `.symlinks/plugins/url_launcher_ios/ios`)
  - webview_flutter_wkwebview (from `.symlinks/plugins/webview_flutter_wkwebview/ios`)

SPEC REPOS:
  trunk:
    - OrderedSet
    - PhoneNumberKit
    - Toast

EXTERNAL SOURCES:
  Flutter:
    :path: Flutter
  flutter_icmp_ping:
    :path: ".symlinks/plugins/flutter_icmp_ping/ios"
  flutter_inappwebview:
    :path: ".symlinks/plugins/flutter_inappwebview/ios"
  fluttertoast:
    :path: ".symlinks/plugins/fluttertoast/ios"
  libphonenumber_plugin:
    :path: ".symlinks/plugins/libphonenumber_plugin/ios"
  path_provider_ios:
    :path: ".symlinks/plugins/path_provider_ios/ios"
  shared_preferences_ios:
    :path: ".symlinks/plugins/shared_preferences_ios/ios"
  url_launcher_ios:
    :path: ".symlinks/plugins/url_launcher_ios/ios"
  webview_flutter_wkwebview:
    :path: ".symlinks/plugins/webview_flutter_wkwebview/ios"

SPEC CHECKSUMS:
  Flutter: e0871f40cf51350855a761d2e70bf5af5b9b5de7
  flutter_icmp_ping: 07e508847df7fa9262d050bb0b203de074bbe517
  flutter_inappwebview: acd4fc0f012cefd09015000c241137d82f01ba62
  fluttertoast: 48c57db1b71b0ce9e6bba9f31c940ff4b001293c
  libphonenumber_plugin: 48bf4078546377eedaab4aa54978cd0f6fa23072
  OrderedSet: aaeb196f7fef5a9edf55d89760da9176ad40b93c
  path_provider_ios: 14f3d2fd28c4fdb42f44e0f751d12861c43cee02
  PhoneNumberKit: ced55861269312a5e3bc2ef82a58d6255b1c976a
  shared_preferences_ios: 548a61f8053b9b8a49ac19c1ffbc8b92c50d68ad
  Toast: 91b396c56ee72a5790816f40d3a94dd357abc196
  url_launcher_ios: 839c58cdb4279282219f5e248c3321761ff3c4de
  webview_flutter_wkwebview: b7e70ef1ddded7e69c796c7390ee74180182971f

PODFILE CHECKSUM: 2cac2355308eef43139d5b34f7a00e0eaa241759

COCOAPODS: 1.15.2
